
Microsoft Visual Studio Solution File, Format Version 12.00
# Visual Studio Version 17
VisualStudioVersion = 17.0.31903.59
MinimumVisualStudioVersion = 10.0.40219.1
Project("{2150E333-8FDC-42A3-9474-1A3956D46DE8}") = "src", "src", "{09EF550C-6043-4983-B0BD-1882FD6B1A28}"
EndProject
Project("{FAE04EC0-301F-11D3-BF4B-00C04F79EFBC}") = "SnoutSpotter.Infra", "src\infra\SnoutSpotter.Infra.csproj", "{B7A97D22-ECFA-407A-80C9-964908C5A861}"
EndProject
Project("{FAE04EC0-301F-11D3-BF4B-00C04F79EFBC}") = "SnoutSpotter.Api", "src\api\SnoutSpotter.Api.csproj", "{B9AB9D47-2342-40A1-ABF6-2ADAEF41B7EB}"
EndProject
Project("{2150E333-8FDC-42A3-9474-1A3956D46DE8}") = "lambdas", "lambdas", "{41384DDF-9701-4878-B525-A688F41F585E}"
EndProject
Project("{FAE04EC0-301F-11D3-BF4B-00C04F79EFBC}") = "SnoutSpotter.Lambda.IngestClip", "src\lambdas\SnoutSpotter.Lambda.IngestClip\SnoutSpotter.Lambda.IngestClip.csproj", "{01ABECFC-48E4-4C13-9465-71405B6124DD}"
EndProject
Project("{FAE04EC0-301F-11D3-BF4B-00C04F79EFBC}") = "SnoutSpotter.Lambda.RunInference", "src\lambdas\SnoutSpotter.Lambda.RunInference\SnoutSpotter.Lambda.RunInference.csproj", "{BF0A470A-9899-44A1-975A-3513A7AEAE82}"
EndProject
Project("{FAE04EC0-301F-11D3-BF4B-00C04F79EFBC}") = "SnoutSpotter.Lambda.PiMgmt", "src\lambdas\SnoutSpotter.Lambda.PiMgmt\SnoutSpotter.Lambda.PiMgmt.csproj", "{04AEC4B5-4329-432F-BDFF-EED242377A6A}"
EndProject
Project("{FAE04EC0-301F-11D3-BF4B-00C04F79EFBC}") = "SnoutSpotter.Lambda.LogIngestion", "src\lambdas\SnoutSpotter.Lambda.LogIngestion\SnoutSpotter.Lambda.LogIngestion.csproj", "{7D5251D1-8DB1-49AC-A190-85CE4204BBE9}"
EndProject
Project("{FAE04EC0-301F-11D3-BF4B-00C04F79EFBC}") = "SnoutSpotter.Lambda.CommandAck", "src\lambdas\SnoutSpotter.Lambda.CommandAck\SnoutSpotter.Lambda.CommandAck.csproj", "{D5ED7BB3-0FC8-4447-9E79-C910CD5FE8A0}"
EndProject
Project("{FAE04EC0-301F-11D3-BF4B-00C04F79EFBC}") = "SnoutSpotter.Lambda.AutoLabel", "src\lambdas\SnoutSpotter.Lambda.AutoLabel\SnoutSpotter.Lambda.AutoLabel.csproj", "{0C9F0886-FA0B-4634-BEC3-3B19DD487937}"
EndProject
Project("{FAE04EC0-301F-11D3-BF4B-00C04F79EFBC}") = "SnoutSpotter.Lambda.ExportDataset", "src\lambdas\SnoutSpotter.Lambda.ExportDataset\SnoutSpotter.Lambda.ExportDataset.csproj", "{80B99DDE-FC06-4691-913C-7F72C1404495}"
EndProject
Project("{FAE04EC0-301F-11D3-BF4B-00C04F79EFBC}") = "SnoutSpotter.Lambda.UpdateTrainingProgress", "src\lambdas\SnoutSpotter.Lambda.UpdateTrainingProgress\SnoutSpotter.Lambda.UpdateTrainingProgress.csproj", "{5AC525A5-6688-4761-B307-42DE3C05CF16}"
EndProject
Project("{2150E333-8FDC-42A3-9474-1A3956D46DE8}") = "training-agent", "training-agent", "{5F5B881B-FE46-45D7-9C37-5B19F1603FDA}"
EndProject
Project("{FAE04EC0-301F-11D3-BF4B-00C04F79EFBC}") = "SnoutSpotter.TrainingAgent", "src\training-agent\SnoutSpotter.TrainingAgent\SnoutSpotter.TrainingAgent.csproj", "{10461A20-BEF5-464E-86B5-6A094F52590E}"
EndProject
Project("{2150E333-8FDC-42A3-9474-1A3956D46DE8}") = "shared", "shared", "{B69D3926-3751-4910-86FF-500221FCE252}"
EndProject
Project("{FAE04EC0-301F-11D3-BF4B-00C04F79EFBC}") = "SnoutSpotter.Contracts", "src\shared\SnoutSpotter.Contracts\SnoutSpotter.Contracts.csproj", "{5CA79EDC-40FA-4D5D-B2E8-7D3701DE9745}"
EndProject
Global
	GlobalSection(SolutionConfigurationPlatforms) = preSolution
		Debug|Any CPU = Debug|Any CPU
		Release|Any CPU = Release|Any CPU
	EndGlobalSection
	GlobalSection(SolutionProperties) = preSolution
		HideSolutionNode = FALSE
	EndGlobalSection
	GlobalSection(ProjectConfigurationPlatforms) = postSolution
		{B7A97D22-ECFA-407A-80C9-964908C5A861}.Debug|Any CPU.ActiveCfg = Debug|Any CPU
		{B7A97D22-ECFA-407A-80C9-964908C5A861}.Debug|Any CPU.Build.0 = Debug|Any CPU
		{B7A97D22-ECFA-407A-80C9-964908C5A861}.Release|Any CPU.ActiveCfg = Release|Any CPU
		{B7A97D22-ECFA-407A-80C9-964908C5A861}.Release|Any CPU.Build.0 = Release|Any CPU
		{B9AB9D47-2342-40A1-ABF6-2ADAEF41B7EB}.Debug|Any CPU.ActiveCfg = Debug|Any CPU
		{B9AB9D47-2342-40A1-ABF6-2ADAEF41B7EB}.Debug|Any CPU.Build.0 = Debug|Any CPU
		{B9AB9D47-2342-40A1-ABF6-2ADAEF41B7EB}.Release|Any CPU.ActiveCfg = Release|Any CPU
		{B9AB9D47-2342-40A1-ABF6-2ADAEF41B7EB}.Release|Any CPU.Build.0 = Release|Any CPU
		{01ABECFC-48E4-4C13-9465-71405B6124DD}.Debug|Any CPU.ActiveCfg = Debug|Any CPU
		{01ABECFC-48E4-4C13-9465-71405B6124DD}.Debug|Any CPU.Build.0 = Debug|Any CPU
		{01ABECFC-48E4-4C13-9465-71405B6124DD}.Release|Any CPU.ActiveCfg = Release|Any CPU
		{01ABECFC-48E4-4C13-9465-71405B6124DD}.Release|Any CPU.Build.0 = Release|Any CPU
		{BF0A470A-9899-44A1-975A-3513A7AEAE82}.Debug|Any CPU.ActiveCfg = Debug|Any CPU
		{BF0A470A-9899-44A1-975A-3513A7AEAE82}.Debug|Any CPU.Build.0 = Debug|Any CPU
		{BF0A470A-9899-44A1-975A-3513A7AEAE82}.Release|Any CPU.ActiveCfg = Release|Any CPU
		{BF0A470A-9899-44A1-975A-3513A7AEAE82}.Release|Any CPU.Build.0 = Release|Any CPU
		{04AEC4B5-4329-432F-BDFF-EED242377A6A}.Debug|Any CPU.ActiveCfg = Debug|Any CPU
		{04AEC4B5-4329-432F-BDFF-EED242377A6A}.Debug|Any CPU.Build.0 = Debug|Any CPU
		{04AEC4B5-4329-432F-BDFF-EED242377A6A}.Release|Any CPU.ActiveCfg = Release|Any CPU
		{04AEC4B5-4329-432F-BDFF-EED242377A6A}.Release|Any CPU.Build.0 = Release|Any CPU
		{7D5251D1-8DB1-49AC-A190-85CE4204BBE9}.Debug|Any CPU.ActiveCfg = Debug|Any CPU
		{7D5251D1-8DB1-49AC-A190-85CE4204BBE9}.Debug|Any CPU.Build.0 = Debug|Any CPU
		{7D5251D1-8DB1-49AC-A190-85CE4204BBE9}.Release|Any CPU.ActiveCfg = Release|Any CPU
		{7D5251D1-8DB1-49AC-A190-85CE4204BBE9}.Release|Any CPU.Build.0 = Release|Any CPU
		{D5ED7BB3-0FC8-4447-9E79-C910CD5FE8A0}.Debug|Any CPU.ActiveCfg = Debug|Any CPU
		{D5ED7BB3-0FC8-4447-9E79-C910CD5FE8A0}.Debug|Any CPU.Build.0 = Debug|Any CPU
		{D5ED7BB3-0FC8-4447-9E79-C910CD5FE8A0}.Release|Any CPU.ActiveCfg = Release|Any CPU
		{D5ED7BB3-0FC8-4447-9E79-C910CD5FE8A0}.Release|Any CPU.Build.0 = Release|Any CPU
		{0C9F0886-FA0B-4634-BEC3-3B19DD487937}.Debug|Any CPU.ActiveCfg = Debug|Any CPU
		{0C9F0886-FA0B-4634-BEC3-3B19DD487937}.Debug|Any CPU.Build.0 = Debug|Any CPU
		{0C9F0886-FA0B-4634-BEC3-3B19DD487937}.Release|Any CPU.ActiveCfg = Release|Any CPU
		{0C9F0886-FA0B-4634-BEC3-3B19DD487937}.Release|Any CPU.Build.0 = Release|Any CPU
		{80B99DDE-FC06-4691-913C-7F72C1404495}.Debug|Any CPU.ActiveCfg = Debug|Any CPU
		{80B99DDE-FC06-4691-913C-7F72C1404495}.Debug|Any CPU.Build.0 = Debug|Any CPU
		{80B99DDE-FC06-4691-913C-7F72C1404495}.Release|Any CPU.ActiveCfg = Release|Any CPU
		{80B99DDE-FC06-4691-913C-7F72C1404495}.Release|Any CPU.Build.0 = Release|Any CPU
		{5AC525A5-6688-4761-B307-42DE3C05CF16}.Debug|Any CPU.ActiveCfg = Debug|Any CPU
		{5AC525A5-6688-4761-B307-42DE3C05CF16}.Debug|Any CPU.Build.0 = Debug|Any CPU
		{5AC525A5-6688-4761-B307-42DE3C05CF16}.Release|Any CPU.ActiveCfg = Release|Any CPU
		{5AC525A5-6688-4761-B307-42DE3C05CF16}.Release|Any CPU.Build.0 = Release|Any CPU
		{10461A20-BEF5-464E-86B5-6A094F52590E}.Debug|Any CPU.ActiveCfg = Debug|Any CPU
		{10461A20-BEF5-464E-86B5-6A094F52590E}.Debug|Any CPU.Build.0 = Debug|Any CPU
		{10461A20-BEF5-464E-86B5-6A094F52590E}.Release|Any CPU.ActiveCfg = Release|Any CPU
		{10461A20-BEF5-464E-86B5-6A094F52590E}.Release|Any CPU.Build.0 = Release|Any CPU
		{5CA79EDC-40FA-4D5D-B2E8-7D3701DE9745}.Debug|Any CPU.ActiveCfg = Debug|Any CPU
		{5CA79EDC-40FA-4D5D-B2E8-7D3701DE9745}.Debug|Any CPU.Build.0 = Debug|Any CPU
		{5CA79EDC-40FA-4D5D-B2E8-7D3701DE9745}.Release|Any CPU.ActiveCfg = Release|Any CPU
		{5CA79EDC-40FA-4D5D-B2E8-7D3701DE9745}.Release|Any CPU.Build.0 = Release|Any CPU
	EndGlobalSection
	GlobalSection(NestedProjects) = preSolution
		{B7A97D22-ECFA-407A-80C9-964908C5A861} = {09EF550C-6043-4983-B0BD-1882FD6B1A28}
		{B9AB9D47-2342-40A1-ABF6-2ADAEF41B7EB} = {09EF550C-6043-4983-B0BD-1882FD6B1A28}
		{41384DDF-9701-4878-B525-A688F41F585E} = {09EF550C-6043-4983-B0BD-1882FD6B1A28}
		{01ABECFC-48E4-4C13-9465-71405B6124DD} = {41384DDF-9701-4878-B525-A688F41F585E}
		{BF0A470A-9899-44A1-975A-3513A7AEAE82} = {41384DDF-9701-4878-B525-A688F41F585E}
		{04AEC4B5-4329-432F-BDFF-EED242377A6A} = {41384DDF-9701-4878-B525-A688F41F585E}
		{7D5251D1-8DB1-49AC-A190-85CE4204BBE9} = {41384DDF-9701-4878-B525-A688F41F585E}
		{D5ED7BB3-0FC8-4447-9E79-C910CD5FE8A0} = {41384DDF-9701-4878-B525-A688F41F585E}
		{0C9F0886-FA0B-4634-BEC3-3B19DD487937} = {41384DDF-9701-4878-B525-A688F41F585E}
		{80B99DDE-FC06-4691-913C-7F72C1404495} = {41384DDF-9701-4878-B525-A688F41F585E}
		{5AC525A5-6688-4761-B307-42DE3C05CF16} = {41384DDF-9701-4878-B525-A688F41F585E}
		{5F5B881B-FE46-45D7-9C37-5B19F1603FDA} = {09EF550C-6043-4983-B0BD-1882FD6B1A28}
		{10461A20-BEF5-464E-86B5-6A094F52590E} = {5F5B881B-FE46-45D7-9C37-5B19F1603FDA}
		{B69D3926-3751-4910-86FF-500221FCE252} = {09EF550C-6043-4983-B0BD-1882FD6B1A28}
		{5CA79EDC-40FA-4D5D-B2E8-7D3701DE9745} = {B69D3926-3751-4910-86FF-500221FCE252}
	EndGlobalSection
EndGlobal
